
Microsoft Visual Studio Solution File, Format Version 12.00
# Visual Studio 15
VisualStudioVersion = 15.0.26730.12
MinimumVisualStudioVersion = 10.0.40219.1
Project("{9A19103F-16F7-4668-BE54-9A1E7A4F7556}") = "InterestCalculator.Models", "InterestCalculator.Models\InterestCalculator.Models.csproj", "{C373F2AA-6A7E-451A-AF1F-79C7A32B572A}"
EndProject
Project("{9A19103F-16F7-4668-BE54-9A1E7A4F7556}") = "InterestCalculator.Tests", "InterestCalculator.Tests\InterestCalculator.Tests.csproj", "{22E7AFCF-831F-49B2-B8CD-4F36B00158DD}"
EndProject
Project("{FAE04EC0-301F-11D3-BF4B-00C04F79EFBC}") = "InterestCalculator.Service", "InterestCalculator.Service\InterestCalculator.Service.csproj", "{743AB59E-7230-4269-9842-A5BEAD977BBB}"
EndProject
Global
	GlobalSection(SolutionConfigurationPlatforms) = preSolution
		Debug|Any CPU = Debug|Any CPU
		Release|Any CPU = Release|Any CPU
	EndGlobalSection
	GlobalSection(ProjectConfigurationPlatforms) = postSolution
		{C373F2AA-6A7E-451A-AF1F-79C7A32B572A}.Debug|Any CPU.ActiveCfg = Debug|Any CPU
		{C373F2AA-6A7E-451A-AF1F-79C7A32B572A}.Debug|Any CPU.Build.0 = Debug|Any CPU
		{C373F2AA-6A7E-451A-AF1F-79C7A32B572A}.Release|Any CPU.ActiveCfg = Release|Any CPU
		{C373F2AA-6A7E-451A-AF1F-79C7A32B572A}.Release|Any CPU.Build.0 = Release|Any CPU
		{22E7AFCF-831F-49B2-B8CD-4F36B00158DD}.Debug|Any CPU.ActiveCfg = Debug|Any CPU
		{22E7AFCF-831F-49B2-B8CD-4F36B00158DD}.Debug|Any CPU.Build.0 = Debug|Any CPU
		{22E7AFCF-831F-49B2-B8CD-4F36B00158DD}.Release|Any CPU.ActiveCfg = Release|Any CPU
		{22E7AFCF-831F-49B2-B8CD-4F36B00158DD}.Release|Any CPU.Build.0 = Release|Any CPU
		{743AB59E-7230-4269-9842-A5BEAD977BBB}.Debug|Any CPU.ActiveCfg = Debug|Any CPU
		{743AB59E-7230-4269-9842-A5BEAD977BBB}.Debug|Any CPU.Build.0 = Debug|Any CPU
		{743AB59E-7230-4269-9842-A5BEAD977BBB}.Release|Any CPU.ActiveCfg = Release|Any CPU
		{743AB59E-7230-4269-9842-A5BEAD977BBB}.Release|Any CPU.Build.0 = Release|Any CPU
	EndGlobalSection
	GlobalSection(SolutionProperties) = preSolution
		HideSolutionNode = FALSE
	EndGlobalSection
	GlobalSection(ExtensibilityGlobals) = postSolution
		SolutionGuid = {0FB4C85F-7E93-4096-9272-3B84F87AE806}
	EndGlobalSection
EndGlobal
